
Microsoft Visual Studio Solution File, Format Version 12.00
# Visual Studio Express 2012 for Windows Desktop
Project("{FAE04EC0-301F-11D3-BF4B-00C04F79EFBC}") = "prova_Tiago", "prova_Tiago\prova_Tiago.csproj", "{3A9E94AA-A797-4450-8D9B-C05B5DDC9507}"
EndProject
Global
	GlobalSection(SolutionConfigurationPlatforms) = preSolution
		Debug|Any CPU = Debug|Any CPU
		Release|Any CPU = Release|Any CPU
	EndGlobalSection
	GlobalSection(ProjectConfigurationPlatforms) = postSolution
		{3A9E94AA-A797-4450-8D9B-C05B5DDC9507}.Debug|Any CPU.ActiveCfg = Debug|Any CPU
		{3A9E94AA-A797-4450-8D9B-C05B5DDC9507}.Debug|Any CPU.Build.0 = Debug|Any CPU
		{3A9E94AA-A797-4450-8D9B-C05B5DDC9507}.Release|Any CPU.ActiveCfg = Release|Any CPU
		{3A9E94AA-A797-4450-8D9B-C05B5DDC9507}.Release|Any CPU.Build.0 = Release|Any CPU
	EndGlobalSection
	GlobalSection(SolutionProperties) = preSolution
		HideSolutionNode = FALSE
	EndGlobalSection
EndGlobal
